{
  "lockfileVersion": 1,
  "workspaces": {
    "": {
      "name": "tokuron-2025",
      "dependencies": {
        "@hono/swagger-ui": "^0.5.1",
        "@hono/zod-openapi": "^0.19.6",
        "@hono/zod-validator": "^0.5.0",
        "add": "^2.0.6",
        "bun": "^1.2.14",
        "hono": "^4.7.10",
        "zod": "^3.25.28",
      },
      "devDependencies": {
        "@types/bun": "latest",
      },
    },
  },
  "packages": {
    "@asteasolutions/zod-to-openapi": ["@asteasolutions/zod-to-openapi@7.3.2", "", { "dependencies": { "openapi3-ts": "^4.1.2" }, "peerDependencies": { "zod": "^3.20.2" } }, "sha512-Wvl+jHwSgYrRc3tQLMG7Qxq6wn0WjDk8E9ZA0lAyW73FqK18XPHVIKpk0lA6L0S+zmzzNKTndeV2v/Or0LyfHQ=="],

    "@hono/swagger-ui": ["@hono/swagger-ui@0.5.1", "", { "peerDependencies": { "hono": "*" } }, "sha512-XpUCfszLJ9b1rtFdzqOSHfdg9pfBiC2J5piEjuSanYpDDTIwpMz0ciiv5N3WWUaQpz9fEgH8lttQqL41vIFuDA=="],

    "@hono/zod-openapi": ["@hono/zod-openapi@0.19.6", "", { "dependencies": { "@asteasolutions/zod-to-openapi": "^7.3.0", "@hono/zod-validator": "^0.5.0" }, "peerDependencies": { "hono": ">=4.3.6", "zod": "3.*" } }, "sha512-qD2I0i5Ksry8gf47rXR6tuUAfv5S/wRZPRUNn+y8vOkgArDtIs30Ha3KGHeuGhcMk773D197IlPUppSCbHt6iQ=="],

    "@hono/zod-validator": ["@hono/zod-validator@0.5.0", "", { "peerDependencies": { "hono": ">=3.9.0", "zod": "^3.19.1" } }, "sha512-ds5bW6DCgAnNHP33E3ieSbaZFd5dkV52ZjyaXtGoR06APFrCtzAsKZxTHwOrJNBdXsi0e5wNwo5L4nVEVnJUdg=="],

    "@oven/bun-darwin-aarch64": ["@oven/bun-darwin-aarch64@1.2.14", "", { "os": "darwin", "cpu": "arm64" }, "sha512-pGRsFypDOrV5rdMoOklMrj/RoV1xQirxjN8sAJNNlrQe/rvUbKSebDjlS70cBuxidLZq3+15y/KRr3njmcWkJQ=="],

    "@oven/bun-darwin-x64": ["@oven/bun-darwin-x64@1.2.14", "", { "os": "darwin", "cpu": "x64" }, "sha512-GhbzN7qGRnbus0eaqVfxSEyQTTNdUXhkGNi4nFbj7gfVMLXQb5JNj/kmCRu7hX+TOTkF+hrB1FKXcb4A3B3kHg=="],

    "@oven/bun-darwin-x64-baseline": ["@oven/bun-darwin-x64-baseline@1.2.14", "", { "os": "darwin", "cpu": "x64" }, "sha512-pxGVEuQUYA7ibNO92OgUtTpjN73sqHafl2MZNUGhFTwJN2Qw4Neq9nGIDwmVL6LFU0sMapNeh4I7snR3UO2xIg=="],

    "@oven/bun-linux-aarch64": ["@oven/bun-linux-aarch64@1.2.14", "", { "os": "linux", "cpu": "arm64" }, "sha512-7JQBOjJ/w3Zp5i6tv9Evduy4fUXaj6z6YZ/iIgkw1wBwmIQ5hTJAy4UGHaqTqyU6rgUWTpbsQ+GBY2rHXgou9A=="],

    "@oven/bun-linux-aarch64-musl": ["@oven/bun-linux-aarch64-musl@1.2.14", "", { "os": "linux", "cpu": "none" }, "sha512-K0QQ3srd900Xnx4++QS0KlaOYqiNN0RNJ1AZq0r31t1JdDP+tjuD/imAcE08A6XDkOvl00KSUdMyU8lERRDblQ=="],

    "@oven/bun-linux-x64": ["@oven/bun-linux-x64@1.2.14", "", { "os": "linux", "cpu": "x64" }, "sha512-2TXQzbhFnoW9PUUy5Ey7qAIeY2l0iqYAOZGFMAvTbtqE+WreHS0NC3DKoyALwrBHddkwS+VGUwr+Hcl4TMjNvg=="],

    "@oven/bun-linux-x64-baseline": ["@oven/bun-linux-x64-baseline@1.2.14", "", { "os": "linux", "cpu": "x64" }, "sha512-ZViqobm73HvPQVhNG07kfnLyDpMSi7vLTzzVSrVHvFGSeZ79MzdtHauYVnv8ovqgJmrWfhES74O8QVCUW4P0ZQ=="],

    "@oven/bun-linux-x64-musl": ["@oven/bun-linux-x64-musl@1.2.14", "", { "os": "linux", "cpu": "x64" }, "sha512-u9j7hjkGhLbrpvTANVdmC9jrkfUINfZ4WD/Dir7BrII0XnpoIJXkn+B/gmvgtJFKmtLPF9b/nFVojVNFQ1zFUA=="],

    "@oven/bun-linux-x64-musl-baseline": ["@oven/bun-linux-x64-musl-baseline@1.2.14", "", { "os": "linux", "cpu": "x64" }, "sha512-7Lb5/XqtGRtHv1TjlpS5863ZwsuFqZ8xIrCGrHcKyHpyih1mG9nsON7MEKctrWPzcPe1L/9y20y0z/72plzIYA=="],

    "@oven/bun-windows-x64": ["@oven/bun-windows-x64@1.2.14", "", { "os": "win32", "cpu": "x64" }, "sha512-Zur1ecPTYOURe5USpC/EjbquHloAehoW2iWg4A2SMNg30MilykaL2l3MjZDuDgHWECmRFRyKQgMWkgozVL/6uw=="],

    "@oven/bun-windows-x64-baseline": ["@oven/bun-windows-x64-baseline@1.2.14", "", { "os": "win32", "cpu": "x64" }, "sha512-4uXxPVTznUdQjsW9RBp6JybwhCZdt+mu4kJSpn1qWh6dCwDQhYvkCfako6x1FYW0+eZJEucwyyC36o1tbq2c+A=="],

    "@types/bun": ["@types/bun@1.2.13", "", { "dependencies": { "bun-types": "1.2.13" } }, "sha512-u6vXep/i9VBxoJl3GjZsl/BFIsvML8DfVDO0RYLEwtSZSp981kEO1V5NwRcO1CPJ7AmvpbnDCiMKo3JvbDEjAg=="],

    "@types/node": ["@types/node@22.15.19", "", { "dependencies": { "undici-types": "~6.21.0" } }, "sha512-3vMNr4TzNQyjHcRZadojpRaD9Ofr6LsonZAoQ+HMUa/9ORTPoxVIw0e0mpqWpdjj8xybyCM+oKOUH2vwFu/oEw=="],

    "add": ["add@2.0.6", "", {}, "sha512-j5QzrmsokwWWp6kUcJQySpbG+xfOBqqKnup3OIk1pz+kB/80SLorZ9V8zHFLO92Lcd+hbvq8bT+zOGoPkmBV0Q=="],

    "bun": ["bun@1.2.14", "", { "optionalDependencies": { "@oven/bun-darwin-aarch64": "1.2.14", "@oven/bun-darwin-x64": "1.2.14", "@oven/bun-darwin-x64-baseline": "1.2.14", "@oven/bun-linux-aarch64": "1.2.14", "@oven/bun-linux-aarch64-musl": "1.2.14", "@oven/bun-linux-x64": "1.2.14", "@oven/bun-linux-x64-baseline": "1.2.14", "@oven/bun-linux-x64-musl": "1.2.14", "@oven/bun-linux-x64-musl-baseline": "1.2.14", "@oven/bun-windows-x64": "1.2.14", "@oven/bun-windows-x64-baseline": "1.2.14" }, "os": [ "linux", "win32", "darwin", ], "cpu": [ "x64", "arm64", ], "bin": { "bun": "bin/bun.exe", "bunx": "bin/bun.exe" } }, "sha512-xCd8eiUn5jju0+Noaz7aTWZFvrC8NbMjvcLDnk3gsa1UEaE3Gk4jMStZDsSzW97ynkb4d2ZYvwunstQxJhpZaA=="],

    "bun-types": ["bun-types@1.2.13", "", { "dependencies": { "@types/node": "*" } }, "sha512-rRjA1T6n7wto4gxhAO/ErZEtOXyEZEmnIHQfl0Dt1QQSB4QV0iP6BZ9/YB5fZaHFQ2dwHFrmPaRQ9GGMX01k9Q=="],

    "hono": ["hono@4.7.10", "", {}, "sha512-QkACju9MiN59CKSY5JsGZCYmPZkA6sIW6OFCUp7qDjZu6S6KHtJHhAc9Uy9mV9F8PJ1/HQ3ybZF2yjCa/73fvQ=="],

    "openapi3-ts": ["openapi3-ts@4.4.0", "", { "dependencies": { "yaml": "^2.5.0" } }, "sha512-9asTNB9IkKEzWMcHmVZE7Ts3kC9G7AFHfs8i7caD8HbI76gEjdkId4z/AkP83xdZsH7PLAnnbl47qZkXuxpArw=="],

    "undici-types": ["undici-types@6.21.0", "", {}, "sha512-iwDZqg0QAGrg9Rav5H4n0M64c3mkR59cJ6wQp+7C4nI0gsmExaedaYLNO44eT4AtBBwjbTiGPMlt2Md0T9H9JQ=="],

    "yaml": ["yaml@2.8.0", "", { "bin": { "yaml": "bin.mjs" } }, "sha512-4lLa/EcQCB0cJkyts+FpIRx5G/llPxfP6VQU5KByHEhLxY3IJCH0f0Hy1MHI8sClTvsIb8qwRJ6R/ZdlDJ/leQ=="],

    "zod": ["zod@3.25.28", "", {}, "sha512-/nt/67WYKnr5by3YS7LroZJbtcCBurDKKPBPWWzaxvVCGuG/NOsiKkrjoOhI8mJ+SQUXEbUzeB3S+6XDUEEj7Q=="],
  }
}
